lockVersion: 2.0.0
id: e0ec8289-0338-4b9a-b286-a54527433637
management:
  docChecksum: 1a7da13c834c4615c3107cae80d761d1
  docVersion: "2.0"
  speakeasyVersion: 1.441.1
  generationVersion: 2.461.2
  releaseVersion: 0.0.1
  configChecksum: bfc0ee507ba514eba00e86dc18cf1a78
features:
  python:
    acceptHeaders: 3.0.0
    additionalDependencies: 1.0.0
    constsAndDefaults: 1.0.5
    core: 5.6.5
    defaultEnabledRetries: 0.2.0
    devContainers: 3.0.0
    enumUnions: 0.1.0
    envVarSecurityUsage: 0.3.2
    flattening: 3.1.0
    globalSecurity: 3.0.2
    globalSecurityCallbacks: 1.0.0
    globalSecurityFlattening: 1.0.0
    globalServerURLs: 3.0.0
    groups: 3.0.0
    inputOutputModels: 3.0.0
    methodArguments: 1.0.2
    multipartFileContentType: 1.0.0
    nameOverrides: 3.0.0
    nullables: 1.0.0
    operationTimeout: 0.3.0
    responseFormat: 1.0.1
    retries: 3.0.2
    sdkHooks: 1.0.0
    serverEvents: 1.0.4
    serverEventsSentinels: 0.1.0
    tests: 1.6.0
    unions: 3.0.3
    uploadStreams: 1.0.0
generatedFiles:
  - .devcontainer/README.md
  - .devcontainer/devcontainer.json
  - .devcontainer/setup.sh
  - .gitattributes
  - .python-version
  - .vscode/settings.json
  - CONTRIBUTING.md
  - USAGE.md
  - docs/models/apiversion.md
  - docs/models/billedunits.md
  - docs/models/bulkfileuploadfiles.md
  - docs/models/bulkfileuploadfilespurpose.md
  - docs/models/bulkfileuploadpurpose.md
  - docs/models/bulkfileuploadrequestbody.md
  - docs/models/choices.md
  - docs/models/content.md
  - docs/models/content2.md
  - docs/models/createcontactrequestbody.md
  - docs/models/createcontactresponsebody.md
  - docs/models/createfeedbackrequestbody.md
  - docs/models/createfeedbackresponsebody.md
  - docs/models/createfeedbackvalue.md
  - docs/models/data.md
  - docs/models/deletev2deploymentsinvalidatedeploymentidrequest.md
  - docs/models/delta.md
  - docs/models/deploymentcreatemetric21.md
  - docs/models/deploymentcreatemetric22.md
  - docs/models/deploymentcreatemetric2deploymentsmetricstype.md
  - docs/models/deploymentcreatemetric2imageurl.md
  - docs/models/deploymentcreatemetric2type.md
  - docs/models/deploymentcreatemetriccontent.md
  - docs/models/deploymentcreatemetriccontent2.md
  - docs/models/deploymentcreatemetricfeedback.md
  - docs/models/deploymentcreatemetricfunction.md
  - docs/models/deploymentcreatemetricmessagedeploymentsmetricsrole.md
  - docs/models/deploymentcreatemetricmessagerole.md
  - docs/models/deploymentcreatemetricmessages.md
  - docs/models/deploymentcreatemetricrequest.md
  - docs/models/deploymentcreatemetricrequestbody.md
  - docs/models/deploymentcreatemetricresponsebody.md
  - docs/models/deploymentcreatemetricrole.md
  - docs/models/deploymentcreatemetrictoolcalls.md
  - docs/models/deploymentcreatemetrictype.md
  - docs/models/deploymentgetconfig21.md
  - docs/models/deploymentgetconfig22.md
  - docs/models/deploymentgetconfig22input.md
  - docs/models/deploymentgetconfig2deployments1.md
  - docs/models/deploymentgetconfig2deployments2.md
  - docs/models/deploymentgetconfig2deploymentsimageurl.md
  - docs/models/deploymentgetconfig2deploymentsrequestrequestbodytype.md
  - docs/models/deploymentgetconfig2deploymentsrequesttype.md
  - docs/models/deploymentgetconfig2deploymentsresponse1.md
  - docs/models/deploymentgetconfig2deploymentsresponse200type.md
  - docs/models/deploymentgetconfig2deploymentsresponsetype.md
  - docs/models/deploymentgetconfig2deploymentstype.md
  - docs/models/deploymentgetconfig2imageurl.md
  - docs/models/deploymentgetconfig2imageurlinput.md
  - docs/models/deploymentgetconfig2type.md
  - docs/models/deploymentgetconfigcontent.md
  - docs/models/deploymentgetconfigcontent2.md
  - docs/models/deploymentgetconfigcontent2input.md
  - docs/models/deploymentgetconfigcontentdeployments2.md
  - docs/models/deploymentgetconfigcontentinput.md
  - docs/models/deploymentgetconfigdeploymentscontent.md
  - docs/models/deploymentgetconfigdeploymentsfunction.md
  - docs/models/deploymentgetconfigdeploymentsmessages.md
  - docs/models/deploymentgetconfigdeploymentsresponse200applicationjsontype.md
  - docs/models/deploymentgetconfigdeploymentsresponse200function.md
  - docs/models/deploymentgetconfigdeploymentsresponse200type.md
  - docs/models/deploymentgetconfigdeploymentsresponsefunction.md
  - docs/models/deploymentgetconfigdeploymentsresponserole.md
  - docs/models/deploymentgetconfigdeploymentsresponsetoolcalls.md
  - docs/models/deploymentgetconfigdeploymentsresponsetype.md
  - docs/models/deploymentgetconfigdeploymentsrole.md
  - docs/models/deploymentgetconfigdeploymentstoolcalls.md
  - docs/models/deploymentgetconfigdeploymentstype.md
  - docs/models/deploymentgetconfigencodingformat.md
  - docs/models/deploymentgetconfigfunction.md
  - docs/models/deploymentgetconfiginputs.md
  - docs/models/deploymentgetconfiginvokeoptions.md
  - docs/models/deploymentgetconfigmessages.md
  - docs/models/deploymentgetconfigparameters.md
  - docs/models/deploymentgetconfigprefixmessages.md
  - docs/models/deploymentgetconfigquality.md
  - docs/models/deploymentgetconfigrequestbody.md
  - docs/models/deploymentgetconfigresponsebody.md
  - docs/models/deploymentgetconfigresponseformat.md
  - docs/models/deploymentgetconfigresponseformattype.md
  - docs/models/deploymentgetconfigrole.md
  - docs/models/deploymentgetconfigtoolcalls.md
  - docs/models/deploymentgetconfigtools.md
  - docs/models/deploymentgetconfigtype.md
  - docs/models/deploymentgetconfiguserid.md
  - docs/models/deploymentinvokechoices.md
  - docs/models/deploymentinvokedeploymentschoices.md
  - docs/models/deploymentinvokedeploymentsmessage.md
  - docs/models/deploymentinvokedeploymentsresponsebody.md
  - docs/models/deploymentinvokemessage.md
  - docs/models/deploymentinvokemessage1.md
  - docs/models/deploymentinvokemessage2.md
  - docs/models/deploymentinvokemessage3.md
  - docs/models/deploymentinvokemessagedeployments1.md
  - docs/models/deploymentinvokemessagedeployments2.md
  - docs/models/deploymentinvokemessagedeploymentsfunction.md
  - docs/models/deploymentinvokemessagedeploymentsresponse200role.md
  - docs/models/deploymentinvokemessagedeploymentsresponse200texteventstreamresponsebodyrole.md
  - docs/models/deploymentinvokemessagedeploymentsresponse200texteventstreamrole.md
  - docs/models/deploymentinvokemessagedeploymentsresponserole.md
  - docs/models/deploymentinvokemessagedeploymentsrole.md
  - docs/models/deploymentinvokemessagedeploymentstoolcalls.md
  - docs/models/deploymentinvokemessagedeploymentstype.md
  - docs/models/deploymentinvokemessagefunction.md
  - docs/models/deploymentinvokemessagerole.md
  - docs/models/deploymentinvokemessagetoolcalls.md
  - docs/models/deploymentinvokemessagetype.md
  - docs/models/deploymentinvokemetadata.md
  - docs/models/deploymentinvokeobject.md
  - docs/models/deploymentinvokeprovider.md
  - docs/models/deploymentinvokeresponse.md
  - docs/models/deploymentinvokeresponsebody.md
  - docs/models/deploymentinvokeretrievals.md
  - docs/models/deployments.md
  - docs/models/deployments21.md
  - docs/models/deployments22.md
  - docs/models/deployments2deployments2.md
  - docs/models/deployments2deploymentsresponsetype.md
  - docs/models/deployments2deploymentstype.md
  - docs/models/deployments2imageurl.md
  - docs/models/deployments2messagescontenttype.md
  - docs/models/deployments2messagestype.md
  - docs/models/deployments2type.md
  - docs/models/deploymentscontent.md
  - docs/models/deploymentscontent2.md
  - docs/models/deploymentsdata.md
  - docs/models/deploymentsdeploymentscontent.md
  - docs/models/deploymentsdeploymentsfunction.md
  - docs/models/deploymentsdeploymentsresponse200type.md
  - docs/models/deploymentsdeploymentsresponsefunction.md
  - docs/models/deploymentsdeploymentsresponsetype.md
  - docs/models/deploymentsdeploymentsrole.md
  - docs/models/deploymentsdeploymentstoolcalls.md
  - docs/models/deploymentsdeploymentstype.md
  - docs/models/deploymentsencodingformat.md
  - docs/models/deploymentsformat.md
  - docs/models/deploymentsfunction.md
  - docs/models/deploymentsmessages.md
  - docs/models/deploymentsobject.md
  - docs/models/deploymentsparameters.md
  - docs/models/deploymentsphotorealversion.md
  - docs/models/deploymentsprovider.md
  - docs/models/deploymentsquality.md
  - docs/models/deploymentsrequest.md
  - docs/models/deploymentsresponsebody.md
  - docs/models/deploymentsresponseformat.md
  - docs/models/deploymentsresponseformat1.md
  - docs/models/deploymentsresponseformat2.md
  - docs/models/deploymentsresponseformatdeploymentstype.md
  - docs/models/deploymentsresponseformattype.md
  - docs/models/deploymentsrole.md
  - docs/models/deploymentstoolcalls.md
  - docs/models/deploymentstools.md
  - docs/models/deploymentstype.md
  - docs/models/detail.md
  - docs/models/document.md
  - docs/models/documents.md
  - docs/models/embedding.md
  - docs/models/encodingformat.md
  - docs/models/file.md
  - docs/models/fileuploadpurpose.md
  - docs/models/fileuploadrequestbody.md
  - docs/models/fileuploadresponsebody.md
  - docs/models/finishreason.md
  - docs/models/format.md
  - docs/models/four.md
  - docs/models/function.md
  - docs/models/honoapierror.md
  - docs/models/imageurl.md
  - docs/models/input.md
  - docs/models/inputs.md
  - docs/models/invokeoptions.md
  - docs/models/jsonschema.md
  - docs/models/logprobs.md
  - docs/models/message.md
  - docs/models/message1.md
  - docs/models/message2.md
  - docs/models/message3.md
  - docs/models/messagefunction.md
  - docs/models/messagerole.md
  - docs/models/messages.md
  - docs/models/messages1.md
  - docs/models/messages2.md
  - docs/models/messages3.md
  - docs/models/messagescontent.md
  - docs/models/messagesfunction.md
  - docs/models/messagesrole.md
  - docs/models/messagestoolcalls.md
  - docs/models/messagestype.md
  - docs/models/messagetoolcalls.md
  - docs/models/messagetype.md
  - docs/models/meta.md
  - docs/models/metadata.md
  - docs/models/modelparameters.md
  - docs/models/modeltype.md
  - docs/models/object.md
  - docs/models/one.md
  - docs/models/parameters.md
  - docs/models/performance.md
  - docs/models/photorealversion.md
  - docs/models/prefixmessages.md
  - docs/models/prompt.md
  - docs/models/promptconfig.md
  - docs/models/provider.md
  - docs/models/purpose.md
  - docs/models/quality.md
  - docs/models/refusal.md
  - docs/models/remoteconfigsgetconfigrequestbody.md
  - docs/models/remoteconfigsgetconfigresponsebody.md
  - docs/models/remoteconfigsgetconfigtype.md
  - docs/models/responsebody.md
  - docs/models/responsebody1.md
  - docs/models/responsebody2.md
  - docs/models/responsebodychoices.md
  - docs/models/responsebodycontent.md
  - docs/models/responsebodyfinishreason.md
  - docs/models/responsebodyfunction.md
  - docs/models/responsebodylogprobs.md
  - docs/models/responsebodymessage.md
  - docs/models/responsebodyrefusal.md
  - docs/models/responsebodyrole.md
  - docs/models/responsebodytoolcalls.md
  - docs/models/responsebodytoplogprobs.md
  - docs/models/responsebodytype.md
  - docs/models/responsebodyusage.md
  - docs/models/responseformat.md
  - docs/models/responseformat1.md
  - docs/models/responseformat2.md
  - docs/models/responseformatjsonschema.md
  - docs/models/responseformattype.md
  - docs/models/results.md
  - docs/models/retrievals.md
  - docs/models/role.md
  - docs/models/routerchatcompletions21.md
  - docs/models/routerchatcompletions22.md
  - docs/models/routerchatcompletions2detail.md
  - docs/models/routerchatcompletions2imageurl.md
  - docs/models/routerchatcompletions2routerchatcompletions1.md
  - docs/models/routerchatcompletions2routerchatcompletions2.md
  - docs/models/routerchatcompletions2routerchatcompletionsimageurl.md
  - docs/models/routerchatcompletions2routerchatcompletionsrequest1.md
  - docs/models/routerchatcompletions2routerchatcompletionsrequest2.md
  - docs/models/routerchatcompletions2routerchatcompletionsrequestimageurl.md
  - docs/models/routerchatcompletions2routerchatcompletionsrequestrequestbodymessages4type.md
  - docs/models/routerchatcompletions2routerchatcompletionsrequestrequestbodymessagestype.md
  - docs/models/routerchatcompletions2routerchatcompletionsrequestrequestbodytype.md
  - docs/models/routerchatcompletions2routerchatcompletionsrequesttype.md
  - docs/models/routerchatcompletions2routerchatcompletionstype.md
  - docs/models/routerchatcompletions2type.md
  - docs/models/routerchatcompletionscontent2.md
  - docs/models/routerchatcompletionscontentrouterchatcompletions2.md
  - docs/models/routerchatcompletionscontentrouterchatcompletionsrequest2.md
  - docs/models/routerchatcompletionsfunction.md
  - docs/models/routerchatcompletionsmessages.md
  - docs/models/routerchatcompletionsmessagescontent.md
  - docs/models/routerchatcompletionsmessagesrole.md
  - docs/models/routerchatcompletionsmessagesrouterchatcompletionscontent.md
  - docs/models/routerchatcompletionsmessagesrouterchatcompletionsrequestcontent.md
  - docs/models/routerchatcompletionsmessagesrouterchatcompletionsrequestrole.md
  - docs/models/routerchatcompletionsmessagesrouterchatcompletionsrole.md
  - docs/models/routerchatcompletionsrequestbody.md
  - docs/models/routerchatcompletionsresponse.md
  - docs/models/routerchatcompletionsresponsebody.md
  - docs/models/routerchatcompletionsresponsebodychoices.md
  - docs/models/routerchatcompletionsresponsebodycontent.md
  - docs/models/routerchatcompletionsresponsebodyfinishreason.md
  - docs/models/routerchatcompletionsresponsebodyfunction.md
  - docs/models/routerchatcompletionsresponsebodyrole.md
  - docs/models/routerchatcompletionsresponsebodyrouterchatcompletionstoplogprobs.md
  - docs/models/routerchatcompletionsresponsebodytoolcalls.md
  - docs/models/routerchatcompletionsresponsebodytoplogprobs.md
  - docs/models/routerchatcompletionsresponsebodytype.md
  - docs/models/routerchatcompletionsresponsebodyusage.md
  - docs/models/routerchatcompletionsrouterchatcompletionsresponsebody.md
  - docs/models/routerchatcompletionsrouterchatcompletionstype.md
  - docs/models/routerchatcompletionstype.md
  - docs/models/routercompletionschoices.md
  - docs/models/routercompletionsrequestbody.md
  - docs/models/routercompletionsresponsebody.md
  - docs/models/routercompletionsusage.md
  - docs/models/routerembeddingdata.md
  - docs/models/routerembeddingobject.md
  - docs/models/routerembeddingrequestbody.md
  - docs/models/routerembeddingresponsebody.md
  - docs/models/routerembeddingrouterembeddingsobject.md
  - docs/models/routerembeddingusage.md
  - docs/models/routerimagegenerationschoices.md
  - docs/models/routerimagegenerationsmessage.md
  - docs/models/routerimagegenerationsmessage1.md
  - docs/models/routerimagegenerationsmessage2.md
  - docs/models/routerimagegenerationsmessage3.md
  - docs/models/routerimagegenerationsmessagefunction.md
  - docs/models/routerimagegenerationsmessagerole.md
  - docs/models/routerimagegenerationsmessagerouterimagesresponserole.md
  - docs/models/routerimagegenerationsmessagerouterimagesrole.md
  - docs/models/routerimagegenerationsmessagetoolcalls.md
  - docs/models/routerimagegenerationsmessagetype.md
  - docs/models/routerimagegenerationsrequestbody.md
  - docs/models/routerimagegenerationsresponsebody.md
  - docs/models/routerrerankrequestbody.md
  - docs/models/routerrerankresponsebody.md
  - docs/models/security.md
  - docs/models/size.md
  - docs/models/stop.md
  - docs/models/three.md
  - docs/models/tokens.md
  - docs/models/toolcalls.md
  - docs/models/tools.md
  - docs/models/toplogprobs.md
  - docs/models/two.md
  - docs/models/two1.md
  - docs/models/two2.md
  - docs/models/twodetail.md
  - docs/models/twoimageurl.md
  - docs/models/twotype.md
  - docs/models/type.md
  - docs/models/usage.md
  - docs/models/userid.md
  - docs/models/utils/retryconfig.md
  - docs/models/value.md
  - docs/sdks/chat/README.md
  - docs/sdks/completions/README.md
  - docs/sdks/contacts/README.md
  - docs/sdks/deploymentssdk/README.md
  - docs/sdks/embeddings/README.md
  - docs/sdks/feedback/README.md
  - docs/sdks/files/README.md
  - docs/sdks/images/README.md
  - docs/sdks/metrics/README.md
  - docs/sdks/orq/README.md
  - docs/sdks/orqcompletions/README.md
  - docs/sdks/public/README.md
  - docs/sdks/remoteconfig/README.md
  - docs/sdks/router/README.md
  - poetry.toml
  - py.typed
  - pylintrc
  - pyproject.toml
  - scripts/prepare-readme.py
  - scripts/publish.sh
  - src/orq_ai_sdk/__init__.py
  - src/orq_ai_sdk/_hooks/__init__.py
  - src/orq_ai_sdk/_hooks/sdkhooks.py
  - src/orq_ai_sdk/_hooks/types.py
  - src/orq_ai_sdk/_version.py
  - src/orq_ai_sdk/basesdk.py
  - src/orq_ai_sdk/chat.py
  - src/orq_ai_sdk/completions.py
  - src/orq_ai_sdk/contacts.py
  - src/orq_ai_sdk/deployments_sdk.py
  - src/orq_ai_sdk/embeddings.py
  - src/orq_ai_sdk/feedback.py
  - src/orq_ai_sdk/files.py
  - src/orq_ai_sdk/httpclient.py
  - src/orq_ai_sdk/images.py
  - src/orq_ai_sdk/metrics.py
  - src/orq_ai_sdk/models/__init__.py
  - src/orq_ai_sdk/models/apierror.py
  - src/orq_ai_sdk/models/bulkfileuploadop.py
  - src/orq_ai_sdk/models/createcontactop.py
  - src/orq_ai_sdk/models/createfeedbackop.py
  - src/orq_ai_sdk/models/delete_v2_deployments_invalidate_deployment_id_op.py
  - src/orq_ai_sdk/models/deploymentcreatemetricop.py
  - src/orq_ai_sdk/models/deploymentgetconfigop.py
  - src/orq_ai_sdk/models/deploymentinvokeop.py
  - src/orq_ai_sdk/models/deployments.py
  - src/orq_ai_sdk/models/deploymentsop.py
  - src/orq_ai_sdk/models/fileuploadop.py
  - src/orq_ai_sdk/models/honoapierror.py
  - src/orq_ai_sdk/models/remoteconfigsgetconfigop.py
  - src/orq_ai_sdk/models/routerchatcompletionsop.py
  - src/orq_ai_sdk/models/routercompletionsop.py
  - src/orq_ai_sdk/models/routerembeddingop.py
  - src/orq_ai_sdk/models/routerimagegenerationsop.py
  - src/orq_ai_sdk/models/routerrerankop.py
  - src/orq_ai_sdk/models/security.py
  - src/orq_ai_sdk/orq_completions.py
  - src/orq_ai_sdk/public.py
  - src/orq_ai_sdk/py.typed
  - src/orq_ai_sdk/remoteconfig.py
  - src/orq_ai_sdk/router.py
  - src/orq_ai_sdk/sdk.py
  - src/orq_ai_sdk/sdkconfiguration.py
  - src/orq_ai_sdk/types/__init__.py
  - src/orq_ai_sdk/types/basemodel.py
  - src/orq_ai_sdk/utils/__init__.py
  - src/orq_ai_sdk/utils/annotations.py
  - src/orq_ai_sdk/utils/enums.py
  - src/orq_ai_sdk/utils/eventstreaming.py
  - src/orq_ai_sdk/utils/forms.py
  - src/orq_ai_sdk/utils/headers.py
  - src/orq_ai_sdk/utils/logger.py
  - src/orq_ai_sdk/utils/metadata.py
  - src/orq_ai_sdk/utils/queryparams.py
  - src/orq_ai_sdk/utils/requestbodies.py
  - src/orq_ai_sdk/utils/retries.py
  - src/orq_ai_sdk/utils/security.py
  - src/orq_ai_sdk/utils/serializers.py
  - src/orq_ai_sdk/utils/url.py
  - src/orq_ai_sdk/utils/values.py
examples:
  CreateContact:
    speakeasy-default-create-contact:
      requestBody:
        application/json: {"external_id": "<id>"}
      responses:
        "200":
          application/json: {"id": "<id>", "external_id": "<id>"}
  CreateFeedback:
    "":
      requestBody:
        application/json: {"property": "rating", "value": ["good"], "trace_id": "67HTZ65Z9W91HSF51CW68KK1QH"}
      responses:
        "200":
          application/json: {"property": "<value>", "value": "<value>", "trace_id": "<id>", "id": "<id>"}
  DeploymentGetConfig:
    speakeasy-default-deployment-get-config:
      requestBody:
        application/json: {"key": "<key>"}
      responses:
        "200":
          application/json: {"id": "<id>", "provider": "<value>", "model": "ATS", "version": "<value>", "messages": []}
  DeploymentInvoke:
    speakeasy-default-deployment-invoke:
      requestBody:
        application/json: {"key": "<key>"}
      responses:
        "200":
          application/json: {"id": "<id>", "created": "2023-02-27T07:01:10.482Z", "object": "completion", "model": "El Camino", "provider": "cohere", "is_final": false, "choices": [{"index": "1729.12"}, {"index": "3047.15"}]}
  Deployments:
    speakeasy-default-deployments:
      responses:
        "200":
          application/json: {"object": "list", "data": [], "has_more": false}
        "500":
          application/json: {"message": "<value>"}
  delete_/v2/deployments/invalidate/{deployment_id}:
    speakeasy-default-delete-/v2-/deployments/invalidate/{deployment-id}:
      parameters:
        path:
          deployment_id: "2f8f323e-7a21-40c4-8729-612ffe6e2dcb"
  DeploymentCreateMetric:
    speakeasy-default-deployment-create-metric:
      parameters:
        path:
          id: "<id>"
      responses:
        "200":
          application/json: {"code": "4865.89", "success": false}
  FileUpload:
    speakeasy-default-file-upload:
      responses:
        "200":
          application/json: {"_id": "<id>", "object_name": "<value>", "purpose": "retrieval", "bytes": "4036.54", "file_name": "example.file"}
  BulkFileUpload:
    speakeasy-default-bulk-file-upload:
      requestBody:
        multipart/form-data: {"files": [{}], "purpose": "retrieval"}
      responses:
        "200":
          application/json: [{"_id": "<id>", "object_name": "<value>", "purpose": "retrieval", "bytes": "4883.89", "file_name": "example.file"}, {"_id": "<id>", "object_name": "<value>", "purpose": "retrieval", "bytes": "9335.52", "file_name": "example.file"}, {"_id": "<id>", "object_name": "<value>", "purpose": "retrieval", "bytes": "561.36", "file_name": "example.file"}]
  RouterRerank:
    speakeasy-default-router-rerank:
      responses:
        "200":
          application/json: {"results": [{"index": "1967.56", "relevance_score": "3138.23"}, {"index": "5345.26", "relevance_score": "8653.00"}, {"index": "4463.38", "relevance_score": "1381.46"}]}
  RouterEmbedding:
    speakeasy-default-router-embedding:
      requestBody:
        application/json: {"input": "<value>", "model": "LeBaron"}
      responses:
        "200":
          application/json: {"object": "list", "data": [{"object": "embedding", "embedding": [], "index": "7964.74"}], "model": "Wrangler", "usage": {"prompt_tokens": "0.87", "total_tokens": "1697.27"}}
  RouterChatCompletions:
    speakeasy-default-router-chat-completions:
      requestBody:
        application/json: {"model": "Fiesta", "messages": [{"role": "user", "content": "<value>"}, {"role": "system", "content": [{"type": "text", "text": "<value>"}, {"type": "text", "text": "<value>"}, {"type": "text", "text": "<value>"}]}]}
      responses:
        "200":
          application/json: {"id": "<id>", "choices": [{"finish_reason": "content_filter", "index": "7524.37", "logprobs": {"content": [{"token": "<value>", "logprob": "3570.21", "bytes": ["177.60"], "top_logprobs": []}, {"token": "<value>", "logprob": "2113.38", "bytes": [], "top_logprobs": [{"token": "<value>", "logprob": "1856.93", "bytes": []}]}, {"token": "<value>", "logprob": "1009.67", "bytes": ["3392.36", "365.22"], "top_logprobs": [{"token": "<value>", "logprob": "6502.37", "bytes": []}, {"token": "<value>", "logprob": "155.53", "bytes": ["276.20", "6596.82"]}]}], "refusal": [{"token": "<value>", "logprob": "9065.37", "bytes": ["4963.23"], "top_logprobs": [{"token": "<value>", "logprob": "7823.67", "bytes": []}]}, {"token": "<value>", "logprob": "7034.40", "bytes": ["7804.86", "7602.58", "2199.75"], "top_logprobs": [{"token": "<value>", "logprob": "4278.87", "bytes": ["934.71", "4914.27"]}]}]}, "delta": {"content": "<value>", "refusal": "<value>", "tool_calls": [{"id": "<id>", "type": "function", "function": {"name": "<value>", "arguments": "<value>"}}], "role": "user"}}, {"finish_reason": "tool_calls", "index": "454.16", "logprobs": {"content": [], "refusal": [{"token": "<value>", "logprob": "5833.53", "bytes": ["3259.90", "4078.33"], "top_logprobs": []}]}, "delta": {"content": "<value>", "refusal": "<value>", "tool_calls": [], "role": "correction"}}, {"finish_reason": "tool_calls", "index": "54.36", "logprobs": {"content": [{"token": "<value>", "logprob": "8988.41", "bytes": ["172.08", "1981.75"], "top_logprobs": [{"token": "<value>", "logprob": "3535.31", "bytes": ["6798.85"]}, {"token": "<value>", "logprob": "724.37", "bytes": ["9517.81", "5665.12", "2955.58"]}, {"token": "<value>", "logprob": "2032.57", "bytes": ["7122.13"]}]}, {"token": "<value>", "logprob": "9958.51", "bytes": ["2127.75", "6207.47", "2841.20"], "top_logprobs": [{"token": "<value>", "logprob": "2710.82", "bytes": ["6097.55"]}, {"token": "<value>", "logprob": "5200.49", "bytes": ["8007.59", "1177.47"]}]}, {"token": "<value>", "logprob": "5898.12", "bytes": ["2773.21", "7703.70", "3505.87"], "top_logprobs": []}], "refusal": [{"token": "<value>", "logprob": "6177.60", "bytes": ["8142.21", "9843.62"], "top_logprobs": [{"token": "<value>", "logprob": "2824.36", "bytes": []}, {"token": "<value>", "logprob": "6794.44", "bytes": ["7413.83", "9349.59", "9477.80"]}, {"token": "<value>", "logprob": "9387.56", "bytes": ["785.23"]}]}, {"token": "<value>", "logprob": "7216.58", "bytes": ["3718.85", "1621.36", "2965.97"], "top_logprobs": []}, {"token": "<value>", "logprob": "8254.61", "bytes": ["2398.72", "9049.17", "9959.72"], "top_logprobs": [{"token": "<value>", "logprob": "3589.66", "bytes": ["1267.14", "2906.13", "6778.78"]}]}]}, "delta": {"content": "<value>", "refusal": "<value>", "tool_calls": [], "role": "exception"}}], "created": "6290.63", "model": "PT Cruiser", "system_fingerprint": "<value>", "object": "<value>"}
  RouterCompletions:
    speakeasy-default-router-completions:
      responses:
        "200":
          application/json: {"id": "<id>", "choices": [{"finish_reason": "content_filter", "index": "9339.03", "text": "<value>"}, {"finish_reason": "tool_calls", "index": "4533.38", "text": "<value>"}, {"finish_reason": "content_filter", "index": "8828.86", "text": "<value>"}], "created": "9745.72", "model": "Cruze", "system_fingerprint": "<value>", "object": "<value>"}
  RouterImageGenerations:
    speakeasy-default-router-image-generations:
      responses:
        "200":
          application/json: {"id": "<id>", "created": "7401.98", "choices": [{"index": "3310.48"}], "model": "Challenger", "object": "<value>"}
  RemoteConfigsGetConfig:
    speakeasy-default-remote-configs-get-config:
      responses:
        "200":
          application/json: {"type": "boolean"}
