lockVersion: 2.0.0
id: fd34e2fb-ef13-41ac-aee3-a7cff2be8de7
management:
  docChecksum: 4fdd634a8e91acf3470171d24a320904
  docVersion: "2.0"
  speakeasyVersion: 1.455.5
  generationVersion: 2.479.3
  releaseVersion: 1.31.11
  configChecksum: 0b320400df8dd22fe3c5a9f4e8af8a4d
  repoURL: https://github.com/orq-ai/orq-python.git
  installationURL: https://github.com/orq-ai/orq-python.git
  published: true
features:
  python:
    acceptHeaders: 3.0.0
    additionalDependencies: 1.0.0
    constsAndDefaults: 1.0.5
    core: 5.7.2
    defaultEnabledRetries: 0.2.0
    enumUnions: 0.1.0
    envVarSecurityUsage: 0.3.2
    flatRequests: 1.0.1
    flattening: 3.1.0
    globalSecurity: 3.0.2
    globalSecurityCallbacks: 1.0.0
    globalSecurityFlattening: 1.0.0
    globalServerURLs: 3.0.0
    groups: 3.0.0
    inputOutputModels: 3.0.0
    methodArguments: 1.0.2
    multipartFileContentType: 1.0.0
    nameOverrides: 3.0.0
    nullables: 1.0.0
    operationTimeout: 0.3.0
    responseFormat: 1.0.1
    retries: 3.0.2
    sdkHooks: 1.0.0
    serverEvents: 1.0.7
    serverEventsSentinels: 0.1.0
    unions: 3.0.4
    uploadStreams: 1.0.0
generatedFiles:
  - .gitattributes
  - .python-version
  - .vscode/settings.json
  - CONTRIBUTING.md
  - USAGE.md
  - docs/models/bulkfileuploadfiles.md
  - docs/models/bulkfileuploadfilespurpose.md
  - docs/models/bulkfileuploadpurpose.md
  - docs/models/bulkfileuploadrequestbody.md
  - docs/models/choices.md
  - docs/models/content.md
  - docs/models/content2.md
  - docs/models/createcontactrequestbody.md
  - docs/models/createcontactresponsebody.md
  - docs/models/createfeedbackrequestbody.md
  - docs/models/createfeedbackresponsebody.md
  - docs/models/createfeedbackvalue.md
  - docs/models/data.md
  - docs/models/deploymentcreatemetric21.md
  - docs/models/deploymentcreatemetric22.md
  - docs/models/deploymentcreatemetric2deploymentsmetricstype.md
  - docs/models/deploymentcreatemetric2imageurl.md
  - docs/models/deploymentcreatemetric2type.md
  - docs/models/deploymentcreatemetriccontent.md
  - docs/models/deploymentcreatemetriccontent2.md
  - docs/models/deploymentcreatemetricfeedback.md
  - docs/models/deploymentcreatemetricfunction.md
  - docs/models/deploymentcreatemetricmessagedeploymentsmetricsrole.md
  - docs/models/deploymentcreatemetricmessagerole.md
  - docs/models/deploymentcreatemetricmessages.md
  - docs/models/deploymentcreatemetricrequest.md
  - docs/models/deploymentcreatemetricrequestbody.md
  - docs/models/deploymentcreatemetricresponsebody.md
  - docs/models/deploymentcreatemetricrole.md
  - docs/models/deploymentcreatemetrictoolcalls.md
  - docs/models/deploymentcreatemetrictype.md
  - docs/models/deploymentgetconfig21.md
  - docs/models/deploymentgetconfig22.md
  - docs/models/deploymentgetconfig22input.md
  - docs/models/deploymentgetconfig2deployments1.md
  - docs/models/deploymentgetconfig2deployments2.md
  - docs/models/deploymentgetconfig2deploymentsimageurl.md
  - docs/models/deploymentgetconfig2deploymentsrequestrequestbodytype.md
  - docs/models/deploymentgetconfig2deploymentsrequesttype.md
  - docs/models/deploymentgetconfig2deploymentsresponse1.md
  - docs/models/deploymentgetconfig2deploymentsresponse200type.md
  - docs/models/deploymentgetconfig2deploymentsresponsetype.md
  - docs/models/deploymentgetconfig2deploymentstype.md
  - docs/models/deploymentgetconfig2imageurl.md
  - docs/models/deploymentgetconfig2imageurlinput.md
  - docs/models/deploymentgetconfig2type.md
  - docs/models/deploymentgetconfigcontent.md
  - docs/models/deploymentgetconfigcontent2.md
  - docs/models/deploymentgetconfigcontent2input.md
  - docs/models/deploymentgetconfigcontentdeployments2.md
  - docs/models/deploymentgetconfigcontentinput.md
  - docs/models/deploymentgetconfigdeploymentscontent.md
  - docs/models/deploymentgetconfigdeploymentsfunction.md
  - docs/models/deploymentgetconfigdeploymentsmessages.md
  - docs/models/deploymentgetconfigdeploymentsresponse200applicationjsontype.md
  - docs/models/deploymentgetconfigdeploymentsresponse200function.md
  - docs/models/deploymentgetconfigdeploymentsresponse200type.md
  - docs/models/deploymentgetconfigdeploymentsresponsefunction.md
  - docs/models/deploymentgetconfigdeploymentsresponserole.md
  - docs/models/deploymentgetconfigdeploymentsresponsetoolcalls.md
  - docs/models/deploymentgetconfigdeploymentsresponsetype.md
  - docs/models/deploymentgetconfigdeploymentsrole.md
  - docs/models/deploymentgetconfigdeploymentstoolcalls.md
  - docs/models/deploymentgetconfigdeploymentstype.md
  - docs/models/deploymentgetconfigfunction.md
  - docs/models/deploymentgetconfiginputs.md
  - docs/models/deploymentgetconfiginvokeoptions.md
  - docs/models/deploymentgetconfigmessages.md
  - docs/models/deploymentgetconfigprefixmessages.md
  - docs/models/deploymentgetconfigrequestbody.md
  - docs/models/deploymentgetconfigresponsebody.md
  - docs/models/deploymentgetconfigresponseformattype.md
  - docs/models/deploymentgetconfigrole.md
  - docs/models/deploymentgetconfigtoolcalls.md
  - docs/models/deploymentgetconfigtype.md
  - docs/models/deploymentgetconfiguserid.md
  - docs/models/deploymentinvokechoices.md
  - docs/models/deploymentinvokedata.md
  - docs/models/deploymentinvokedeploymentschoices.md
  - docs/models/deploymentinvokedeploymentsmessage.md
  - docs/models/deploymentinvokedeploymentsobject.md
  - docs/models/deploymentinvokedeploymentsresponsebody.md
  - docs/models/deploymentinvokemessage.md
  - docs/models/deploymentinvokemessage1.md
  - docs/models/deploymentinvokemessage2.md
  - docs/models/deploymentinvokemessage3.md
  - docs/models/deploymentinvokemessagedeployments1.md
  - docs/models/deploymentinvokemessagedeployments2.md
  - docs/models/deploymentinvokemessagedeploymentsfunction.md
  - docs/models/deploymentinvokemessagedeploymentsresponse200role.md
  - docs/models/deploymentinvokemessagedeploymentsresponse200texteventstreamresponsebodyrole.md
  - docs/models/deploymentinvokemessagedeploymentsresponse200texteventstreamrole.md
  - docs/models/deploymentinvokemessagedeploymentsresponserole.md
  - docs/models/deploymentinvokemessagedeploymentsrole.md
  - docs/models/deploymentinvokemessagedeploymentstoolcalls.md
  - docs/models/deploymentinvokemessagedeploymentstype.md
  - docs/models/deploymentinvokemessagefunction.md
  - docs/models/deploymentinvokemessagerole.md
  - docs/models/deploymentinvokemessagetoolcalls.md
  - docs/models/deploymentinvokemessagetype.md
  - docs/models/deploymentinvokemetadata.md
  - docs/models/deploymentinvokeobject.md
  - docs/models/deploymentinvokeprovider.md
  - docs/models/deploymentinvokeresponse.md
  - docs/models/deploymentinvokeresponsebody.md
  - docs/models/deploymentinvokeretrievals.md
  - docs/models/deployments.md
  - docs/models/deployments21.md
  - docs/models/deployments22.md
  - docs/models/deployments2deployments2.md
  - docs/models/deployments2deploymentsresponsetype.md
  - docs/models/deployments2deploymentstype.md
  - docs/models/deployments2imageurl.md
  - docs/models/deployments2messagescontenttype.md
  - docs/models/deployments2messagestype.md
  - docs/models/deployments2type.md
  - docs/models/deploymentscontent.md
  - docs/models/deploymentscontent2.md
  - docs/models/deploymentsdeploymentscontent.md
  - docs/models/deploymentsdeploymentsfunction.md
  - docs/models/deploymentsdeploymentsresponse200type.md
  - docs/models/deploymentsdeploymentsresponsefunction.md
  - docs/models/deploymentsdeploymentsresponsetype.md
  - docs/models/deploymentsdeploymentsrole.md
  - docs/models/deploymentsdeploymentstoolcalls.md
  - docs/models/deploymentsdeploymentstype.md
  - docs/models/deploymentsencodingformat.md
  - docs/models/deploymentsformat.md
  - docs/models/deploymentsfunction.md
  - docs/models/deploymentsmessages.md
  - docs/models/deploymentsparameters.md
  - docs/models/deploymentsphotorealversion.md
  - docs/models/deploymentsprovider.md
  - docs/models/deploymentsquality.md
  - docs/models/deploymentsrequest.md
  - docs/models/deploymentsresponsebody.md
  - docs/models/deploymentsresponseformat.md
  - docs/models/deploymentsresponseformat1.md
  - docs/models/deploymentsresponseformat2.md
  - docs/models/deploymentsresponseformatdeploymentstype.md
  - docs/models/deploymentsresponseformattype.md
  - docs/models/deploymentsrole.md
  - docs/models/deploymentstoolcalls.md
  - docs/models/deploymentstools.md
  - docs/models/deploymentstype.md
  - docs/models/encodingformat.md
  - docs/models/file.md
  - docs/models/fileuploadpurpose.md
  - docs/models/fileuploadrequestbody.md
  - docs/models/fileuploadresponsebody.md
  - docs/models/format_.md
  - docs/models/function.md
  - docs/models/honoapierror.md
  - docs/models/imageurl.md
  - docs/models/inputs.md
  - docs/models/invaliddeploymentrequest.md
  - docs/models/invokeoptions.md
  - docs/models/jsonschema.md
  - docs/models/message.md
  - docs/models/message1.md
  - docs/models/message2.md
  - docs/models/message3.md
  - docs/models/messagefunction.md
  - docs/models/messagerole.md
  - docs/models/messages.md
  - docs/models/messagetoolcalls.md
  - docs/models/messagetype.md
  - docs/models/metadata.md
  - docs/models/modelparameters.md
  - docs/models/modeltype.md
  - docs/models/object.md
  - docs/models/one.md
  - docs/models/parameters.md
  - docs/models/performance.md
  - docs/models/photorealversion.md
  - docs/models/prefixmessages.md
  - docs/models/promptconfig.md
  - docs/models/provider.md
  - docs/models/purpose.md
  - docs/models/quality.md
  - docs/models/remoteconfigsgetconfigrequestbody.md
  - docs/models/remoteconfigsgetconfigresponsebody.md
  - docs/models/remoteconfigsgetconfigtype.md
  - docs/models/responsebody.md
  - docs/models/responseformat.md
  - docs/models/responseformat1.md
  - docs/models/responseformat2.md
  - docs/models/responseformatjsonschema.md
  - docs/models/responseformattype.md
  - docs/models/retrievals.md
  - docs/models/role.md
  - docs/models/security.md
  - docs/models/three.md
  - docs/models/toolcalls.md
  - docs/models/tools.md
  - docs/models/two.md
  - docs/models/two1.md
  - docs/models/two2.md
  - docs/models/twoimageurl.md
  - docs/models/twotype.md
  - docs/models/type.md
  - docs/models/usage.md
  - docs/models/userid.md
  - docs/models/utils/retryconfig.md
  - docs/models/value.md
  - docs/sdks/contacts/README.md
  - docs/sdks/deploymentssdk/README.md
  - docs/sdks/feedback/README.md
  - docs/sdks/files/README.md
  - docs/sdks/metrics/README.md
  - docs/sdks/orq/README.md
  - docs/sdks/remoteconfig/README.md
  - poetry.toml
  - py.typed
  - pylintrc
  - pyproject.toml
  - scripts/prepare-readme.py
  - scripts/publish.sh
  - src/orq_ai_sdk/__init__.py
  - src/orq_ai_sdk/_hooks/__init__.py
  - src/orq_ai_sdk/_hooks/sdkhooks.py
  - src/orq_ai_sdk/_hooks/types.py
  - src/orq_ai_sdk/_version.py
  - src/orq_ai_sdk/basesdk.py
  - src/orq_ai_sdk/contacts.py
  - src/orq_ai_sdk/deployments_sdk.py
  - src/orq_ai_sdk/feedback.py
  - src/orq_ai_sdk/files.py
  - src/orq_ai_sdk/httpclient.py
  - src/orq_ai_sdk/metrics.py
  - src/orq_ai_sdk/models/__init__.py
  - src/orq_ai_sdk/models/apierror.py
  - src/orq_ai_sdk/models/bulkfileuploadop.py
  - src/orq_ai_sdk/models/createcontactop.py
  - src/orq_ai_sdk/models/createfeedbackop.py
  - src/orq_ai_sdk/models/deploymentcreatemetricop.py
  - src/orq_ai_sdk/models/deploymentgetconfigop.py
  - src/orq_ai_sdk/models/deploymentinvokeop.py
  - src/orq_ai_sdk/models/deployments.py
  - src/orq_ai_sdk/models/deploymentsop.py
  - src/orq_ai_sdk/models/fileuploadop.py
  - src/orq_ai_sdk/models/honoapierror.py
  - src/orq_ai_sdk/models/invaliddeploymentop.py
  - src/orq_ai_sdk/models/remoteconfigsgetconfigop.py
  - src/orq_ai_sdk/models/security.py
  - src/orq_ai_sdk/py.typed
  - src/orq_ai_sdk/remoteconfig.py
  - src/orq_ai_sdk/sdk.py
  - src/orq_ai_sdk/sdkconfiguration.py
  - src/orq_ai_sdk/types/__init__.py
  - src/orq_ai_sdk/types/basemodel.py
  - src/orq_ai_sdk/utils/__init__.py
  - src/orq_ai_sdk/utils/annotations.py
  - src/orq_ai_sdk/utils/enums.py
  - src/orq_ai_sdk/utils/eventstreaming.py
  - src/orq_ai_sdk/utils/forms.py
  - src/orq_ai_sdk/utils/headers.py
  - src/orq_ai_sdk/utils/logger.py
  - src/orq_ai_sdk/utils/metadata.py
  - src/orq_ai_sdk/utils/queryparams.py
  - src/orq_ai_sdk/utils/requestbodies.py
  - src/orq_ai_sdk/utils/retries.py
  - src/orq_ai_sdk/utils/security.py
  - src/orq_ai_sdk/utils/serializers.py
  - src/orq_ai_sdk/utils/url.py
  - src/orq_ai_sdk/utils/values.py
examples:
  CreateContact:
    speakeasy-default-create-contact:
      requestBody:
        application/json: {"external_id": "<id>"}
      responses:
        "200":
          application/json: {"id": "<id>", "external_id": "<id>"}
  CreateFeedback:
    "":
      requestBody:
        application/json: {"property": "rating", "value": ["good"], "trace_id": "67HTZ65Z9W91HSF51CW68KK1QH"}
      responses:
        "200":
          application/json: {"property": "<value>", "value": "<value>", "trace_id": "<id>", "id": "<id>"}
  Deployments:
    speakeasy-default-deployments:
      responses:
        "200":
          application/json: {"object": "list", "data": [], "has_more": false}
        "500":
          application/json: {"message": "<value>"}
  InvalidDeployment:
    speakeasy-default-invalid-deployment:
      parameters:
        path:
          deployment_id: "e1106c66-dcfb-4003-a0e1-3c49405187d4"
  DeploymentGetConfig:
    speakeasy-default-deployment-get-config:
      requestBody:
        application/json: {"key": "<key>"}
      responses:
        "200":
          application/json: {"id": "<id>", "provider": "<value>", "model": "ATS", "version": "<value>", "messages": []}
  DeploymentInvoke:
    speakeasy-default-deployment-invoke:
      requestBody:
        application/json: {"key": "<key>"}
      responses:
        "200":
          application/json: {"id": "<id>", "created": "2023-02-27T07:01:10.482Z", "object": "completion", "model": "El Camino", "provider": "cohere", "is_final": false, "choices": [{"index": "1729.12"}, {"index": "3047.15"}]}
  DeploymentCreateMetric:
    speakeasy-default-deployment-create-metric:
      parameters:
        path:
          id: "<id>"
      responses:
        "200":
          application/json: {"code": "4865.89", "success": false}
  FileUpload:
    speakeasy-default-file-upload:
      responses:
        "200":
          application/json: {"_id": "<id>", "object_name": "<value>", "purpose": "retrieval", "bytes": "4036.54", "file_name": "example.file"}
  BulkFileUpload:
    speakeasy-default-bulk-file-upload:
      requestBody:
        multipart/form-data: {"files": [{}], "purpose": "retrieval"}
      responses:
        "200":
          application/json: [{"_id": "<id>", "object_name": "<value>", "purpose": "retrieval", "bytes": "4883.89", "file_name": "example.file"}, {"_id": "<id>", "object_name": "<value>", "purpose": "retrieval", "bytes": "9335.52", "file_name": "example.file"}, {"_id": "<id>", "object_name": "<value>", "purpose": "retrieval", "bytes": "561.36", "file_name": "example.file"}]
  GetAllPromptTemplates:
    speakeasy-default-get-all-prompt-templates:
      responses:
        "200":
          application/json: {"count": "4610.08", "items": []}
  FindOnePromptSnippet:
    speakeasy-default-find-one-prompt-snippet:
      parameters:
        path:
          key: "<key>"
      responses:
        "200":
          application/json: {"_id": "<id>", "owner": "<value>", "domain_id": "c65b0e01-cb71-4bcd-a060-93e7d5b8c93b", "created_by_id": "7b3823c9-eca7-4b78-a2fc-964f7b3c1870", "display_name": "Estefania6", "updated_by_id": "defaa7aa-3da5-41f8-af17-3dfced0ec663", "prompt_config": {"messages": [{"role": "correction", "content": "<value>"}]}, "versions": [{"_id": "<id>", "created_by_id": "f7014378-d751-45c5-b131-8b1a39e685a4", "display_name": "Alejandra_Lind", "updated_by_id": "490937c7-9db3-47d3-b124-67063626b8af", "prompt_config": {"messages": [{"role": "expected_output", "content": [{"type": "image_url", "image_url": {"url": "https://filthy-siege.biz/"}}, {"type": "image_url", "image_url": {"url": "https://chilly-shadowbox.name"}}, {"type": "text", "text": "<value>"}]}, {"role": "assistant", "content": "<value>"}, {"role": "exception", "content": "<value>"}]}, "commit": "<value>", "timestamp": "<value>"}, {"_id": "<id>", "created_by_id": "4ee58ee2-19fe-4f51-a1a8-15cc8ea9e661", "display_name": "Lilyan.Pfannerstill66", "updated_by_id": "c3552bea-e34a-482d-9f52-2e81306d8147", "prompt_config": {"messages": [{"role": "system", "content": [{"type": "image_url", "image_url": {"url": "https://strange-doing.net"}}]}, {"role": "user", "content": [{"type": "text", "text": "<value>"}]}, {"role": "expected_output", "content": []}]}, "commit": "<value>", "timestamp": "<value>"}, {"_id": "<id>", "created_by_id": "24a51bb0-6b66-4b48-9ad5-6c47af968ae4", "display_name": "Imelda.Wintheiser61", "updated_by_id": "733ae14d-fdb3-4131-bd5b-8472235c4b22", "prompt_config": {"messages": []}, "commit": "<value>", "timestamp": "<value>"}], "type": "prompt"}
  CreatePrompt:
    speakeasy-default-create-prompt:
      responses:
        "200":
          application/json: {"_id": "ulid-string", "display_name": "string", "domain_id": "uuid-string", "description": "Sample description for the prompt", "type": "prompt"}
  CreatePromptVersion:
    speakeasy-default-create-prompt-version:
      parameters:
        path:
          id: "<id>"
      responses:
        "200":
          application/json: {"_id": "<id>", "display_name": "Carolyne.Beahan71", "prompt_config": {"messages": [{"role": "prompt", "content": "<value>"}, {"role": "prompt", "content": [{"type": "image_url", "image_url": {"url": "https://superior-nudge.biz"}}]}]}, "commit": "<value>", "timestamp": "<value>"}
  DeletePrompt:
    speakeasy-default-delete-prompt:
      parameters:
        path:
          id: "<id>"
  GetOnePrompt:
    speakeasy-default-get-one-prompt:
      parameters:
        path:
          id: "<id>"
  UpdatePrompt:
    speakeasy-default-update-prompt:
      parameters:
        path:
          id: "<id>"
      responses:
        "200":
          application/json: {"_id": "<id>", "owner": "vendor", "domain_id": "5fa7f0e7-432c-4e47-acb6-0cc78135ddeb", "created_by_id": "5898c125-a190-471c-a556-2af6646dadb3", "display_name": "Dedric.Donnelly68", "updated_by_id": "450617e6-bb05-479d-86f9-464a3158c876", "prompt_config": {"messages": [{"role": "user", "content": "<value>"}, {"role": "expected_output", "content": "<value>"}, {"role": "exception", "content": [{"type": "text", "text": "<value>"}, {"type": "text", "text": "<value>"}]}]}, "versions": [], "type": "template"}
        "404":
          application/json: {"message": "<value>"}
  DuplicatePrompt:
    speakeasy-default-duplicate-prompt:
      parameters:
        path:
          id: "<id>"
  GetAllPrompts:
    speakeasy-default-get-all-prompts:
      responses:
        "200":
          application/json: {"count": "4610.08", "page": "592.16", "limit": "5984.80", "totalPages": "6512.03", "items": []}
  RemoteConfigsGetConfig:
    speakeasy-default-remote-configs-get-config:
      responses:
        "200":
          application/json: {"type": "boolean"}
generatedTests: {}
