speakeasyVersion: 1.754.0
sources:
    orq-ai-sdk-prerelease-python:
        sourceNamespace: orq-ai-sdk-prerelease-python
        sourceRevisionDigest: sha256:eb2ba7c8da3580167a1ea52a62a82dbaf3551a64f2d94b28bef312dc9e631610
        sourceBlobDigest: sha256:87f297be5cac69bcc4fc2a10ef2c16cb5cacafc77e61682c7563bb777aff0fe7
        tags:
            - latest
            - "2.0"
    orq-ai-sdk-python:
        sourceNamespace: orq-ai-sdk-python
        sourceRevisionDigest: sha256:b2f96a3de54264796f4a121929ab324847adf9d758baf74e5d2fd6aebc60981d
        sourceBlobDigest: sha256:d909eda453c98c2fa53b8a77f04f6f3f1b4a4486885aa169fceb2f213bf9513f
        tags:
            - latest
            - "2.0"
targets:
    orq-ai-sdk-prerelease-python:
        source: orq-ai-sdk-prerelease-python
        sourceNamespace: orq-ai-sdk-prerelease-python
        sourceRevisionDigest: sha256:eb2ba7c8da3580167a1ea52a62a82dbaf3551a64f2d94b28bef312dc9e631610
        sourceBlobDigest: sha256:87f297be5cac69bcc4fc2a10ef2c16cb5cacafc77e61682c7563bb777aff0fe7
        codeSamplesNamespace: orq-ai-sdk-prerelease-python-code-samples
        codeSamplesRevisionDigest: sha256:677ef09efe6d3a459546d844686e3a73e03f08c1ac391e0831df42e3ff7a46ee
    orq-ai-sdk-python:
        source: orq-ai-sdk-python
        sourceNamespace: orq-ai-sdk-python
        sourceRevisionDigest: sha256:b2f96a3de54264796f4a121929ab324847adf9d758baf74e5d2fd6aebc60981d
        sourceBlobDigest: sha256:d909eda453c98c2fa53b8a77f04f6f3f1b4a4486885aa169fceb2f213bf9513f
        codeSamplesNamespace: orq-ai-sdk-python-code-samples
        codeSamplesRevisionDigest: sha256:b36286e3c0073598924528eaace7242f7f4e83590caa06548cd4db93fbc901c9
workflow:
    workflowVersion: 1.0.0
    speakeasyVersion: latest
    sources:
        orq-ai-sdk-prerelease-python:
            inputs:
                - location: ./openapi-prerelease.yaml
            registry:
                location: registry.speakeasyapi.dev/orq/orq/orq-ai-sdk-prerelease-python
        orq-ai-sdk-python:
            inputs:
                - location: ./openapi.yaml
            registry:
                location: registry.speakeasyapi.dev/orq/orq/orq-ai-sdk-python
    targets:
        orq-ai-sdk-prerelease-python:
            target: python
            source: orq-ai-sdk-prerelease-python
            output: ./packages/orq-rc
            publish:
                pypi:
                    token: $pypi_token
            codeSamples:
                registry:
                    location: registry.speakeasyapi.dev/orq/orq/orq-ai-sdk-prerelease-python-code-samples
                blocking: false
        orq-ai-sdk-python:
            target: python
            source: orq-ai-sdk-python
            publish:
                pypi:
                    token: $pypi_token
            codeSamples:
                registry:
                    location: registry.speakeasyapi.dev/orq/orq/orq-ai-sdk-python-code-samples
                blocking: false
