speakeasyVersion: 1.656.1
sources:
    orq-ai-sdk-prerelease-python:
        sourceNamespace: orq-ai-sdk-prerelease-python
        sourceRevisionDigest: sha256:9826ecfddb0a4dacc726d0b4776929932a22461b3e7ce45f66d47d3e28dd936c
        sourceBlobDigest: sha256:52325a88a20415c9bfb670297da52090ab77a2003928fce2cd2e9586c2fd934f
        tags:
            - latest
            - speakeasy-sdk-regen-1764137742
            - "2.0"
    orq-ai-sdk-python:
        sourceNamespace: orq-ai-sdk-python
        sourceRevisionDigest: sha256:a28e7ba248847230dd089536ed44315ec413646b25e853584f27e416a400719b
        sourceBlobDigest: sha256:b878498191d7c6f942e90eb409741a0d2b1386c5d1d151d17fe0ac8ed60ec3c9
        tags:
            - latest
            - speakeasy-sdk-regen-1764154189
            - "2.0"
targets:
    orq-ai-sdk-prerelease-python:
        source: orq-ai-sdk-prerelease-python
        sourceNamespace: orq-ai-sdk-prerelease-python
        sourceRevisionDigest: sha256:9826ecfddb0a4dacc726d0b4776929932a22461b3e7ce45f66d47d3e28dd936c
        sourceBlobDigest: sha256:52325a88a20415c9bfb670297da52090ab77a2003928fce2cd2e9586c2fd934f
        codeSamplesNamespace: orq-ai-sdk-prerelease-python-code-samples
        codeSamplesRevisionDigest: sha256:aef610472431d069c330d56cbfd04ab2471abbb375a5eda0523a01900c7fd81f
    orq-ai-sdk-python:
        source: orq-ai-sdk-python
        sourceNamespace: orq-ai-sdk-python
        sourceRevisionDigest: sha256:a28e7ba248847230dd089536ed44315ec413646b25e853584f27e416a400719b
        sourceBlobDigest: sha256:b878498191d7c6f942e90eb409741a0d2b1386c5d1d151d17fe0ac8ed60ec3c9
        codeSamplesNamespace: orq-ai-sdk-python-code-samples
        codeSamplesRevisionDigest: sha256:12299130ebcd43033b18ca713d7cbcad43b9aae97ac1904d7795446018f86d64
workflow:
    workflowVersion: 1.0.0
    speakeasyVersion: latest
    sources:
        orq-ai-sdk-prerelease-python:
            inputs:
                - location: ./openapi-prerelease.yaml
            registry:
                location: registry.speakeasyapi.dev/orq/orq/orq-ai-sdk-prerelease-python
        orq-ai-sdk-python:
            inputs:
                - location: ./openapi.yaml
            registry:
                location: registry.speakeasyapi.dev/orq/orq/orq-ai-sdk-python
    targets:
        orq-ai-sdk-prerelease-python:
            target: python
            source: orq-ai-sdk-prerelease-python
            output: ./packages/orq-rc
            publish:
                pypi:
                    token: $pypi_token
            codeSamples:
                registry:
                    location: registry.speakeasyapi.dev/orq/orq/orq-ai-sdk-prerelease-python-code-samples
                blocking: false
        orq-ai-sdk-python:
            target: python
            source: orq-ai-sdk-python
            publish:
                pypi:
                    token: $pypi_token
            codeSamples:
                registry:
                    location: registry.speakeasyapi.dev/orq/orq/orq-ai-sdk-python-code-samples
                blocking: false
