speakeasyVersion: 1.700.2
sources:
    orq-ai-sdk-prerelease-python:
        sourceNamespace: orq-ai-sdk-prerelease-python
        sourceRevisionDigest: sha256:13a382b20f3168f8c855a96efb8365e3a367a456818dfea74271ec960b0cb14e
        sourceBlobDigest: sha256:9f30f8b9d25b2f7c05d3ee0964f3fd5347a2faba20e76a00160e76232d754054
        tags:
            - latest
            - speakeasy-sdk-regen-1770117332
            - "2.0"
    orq-ai-sdk-python:
        sourceNamespace: orq-ai-sdk-python
        sourceRevisionDigest: sha256:40496b9eeba275e0c31977e3c9b836e37c74848ebd2dc3860fa462213e078288
        sourceBlobDigest: sha256:1fe98de54f4386193e6e27a6806f3ca692093504ad32f0633b3ed1f4315a8ee8
        tags:
            - latest
            - speakeasy-sdk-regen-1770108793
            - "2.0"
targets:
    orq-ai-sdk-prerelease-python:
        source: orq-ai-sdk-prerelease-python
        sourceNamespace: orq-ai-sdk-prerelease-python
        sourceRevisionDigest: sha256:13a382b20f3168f8c855a96efb8365e3a367a456818dfea74271ec960b0cb14e
        sourceBlobDigest: sha256:9f30f8b9d25b2f7c05d3ee0964f3fd5347a2faba20e76a00160e76232d754054
        codeSamplesNamespace: orq-ai-sdk-prerelease-python-code-samples
        codeSamplesRevisionDigest: sha256:badc5ed2d7042beea878d5a2b3487d0a54fc105aed7cddf254ac7686386c743f
    orq-ai-sdk-python:
        source: orq-ai-sdk-python
        sourceNamespace: orq-ai-sdk-python
        sourceRevisionDigest: sha256:40496b9eeba275e0c31977e3c9b836e37c74848ebd2dc3860fa462213e078288
        sourceBlobDigest: sha256:1fe98de54f4386193e6e27a6806f3ca692093504ad32f0633b3ed1f4315a8ee8
        codeSamplesNamespace: orq-ai-sdk-python-code-samples
        codeSamplesRevisionDigest: sha256:13f500bc39e110fa23306d7d7667878adc40a5a16d8168a4d611a3a6b4c7dcff
workflow:
    workflowVersion: 1.0.0
    speakeasyVersion: latest
    sources:
        orq-ai-sdk-prerelease-python:
            inputs:
                - location: ./openapi-prerelease.yaml
            registry:
                location: registry.speakeasyapi.dev/orq/orq/orq-ai-sdk-prerelease-python
        orq-ai-sdk-python:
            inputs:
                - location: ./openapi.yaml
            registry:
                location: registry.speakeasyapi.dev/orq/orq/orq-ai-sdk-python
    targets:
        orq-ai-sdk-prerelease-python:
            target: python
            source: orq-ai-sdk-prerelease-python
            output: ./packages/orq-rc
            publish:
                pypi:
                    token: $pypi_token
            codeSamples:
                registry:
                    location: registry.speakeasyapi.dev/orq/orq/orq-ai-sdk-prerelease-python-code-samples
                blocking: false
        orq-ai-sdk-python:
            target: python
            source: orq-ai-sdk-python
            publish:
                pypi:
                    token: $pypi_token
            codeSamples:
                registry:
                    location: registry.speakeasyapi.dev/orq/orq/orq-ai-sdk-python-code-samples
                blocking: false
